
Microsoft Visual Studio Solution File, Format Version 12.00
# Visual Studio Version 16
VisualStudioVersion = 16.0.33927.289
MinimumVisualStudioVersion = 10.0.40219.1
Project("{FAE04EC0-301F-11D3-BF4B-00C04F79EFBC}") = "Ritek.App.Demo", "Ritek.App.Demo\Ritek.App.Demo.csproj", "{E9A00F5B-B3DC-44A1-94F5-A5EEF5AC2FE8}"
EndProject
Project("{FAE04EC0-301F-11D3-BF4B-00C04F79EFBC}") = "Ritek.App.Infrastructure", "Ritek.App.Infrastructure\Ritek.App.Infrastructure.csproj", "{0B7E3780-F639-42C6-8903-14544120E5F2}"
EndProject
Global
	GlobalSection(SolutionConfigurationPlatforms) = preSolution
		Debug|Any CPU = Debug|Any CPU
		Release|Any CPU = Release|Any CPU
	EndGlobalSection
	GlobalSection(ProjectConfigurationPlatforms) = postSolution
		{E9A00F5B-B3DC-44A1-94F5-A5EEF5AC2FE8}.Debug|Any CPU.ActiveCfg = Debug|Any CPU
		{E9A00F5B-B3DC-44A1-94F5-A5EEF5AC2FE8}.Debug|Any CPU.Build.0 = Debug|Any CPU
		{E9A00F5B-B3DC-44A1-94F5-A5EEF5AC2FE8}.Release|Any CPU.ActiveCfg = Release|Any CPU
		{E9A00F5B-B3DC-44A1-94F5-A5EEF5AC2FE8}.Release|Any CPU.Build.0 = Release|Any CPU
		{0B7E3780-F639-42C6-8903-14544120E5F2}.Debug|Any CPU.ActiveCfg = Debug|Any CPU
		{0B7E3780-F639-42C6-8903-14544120E5F2}.Debug|Any CPU.Build.0 = Debug|Any CPU
		{0B7E3780-F639-42C6-8903-14544120E5F2}.Release|Any CPU.ActiveCfg = Release|Any CPU
		{0B7E3780-F639-42C6-8903-14544120E5F2}.Release|Any CPU.Build.0 = Release|Any CPU
	EndGlobalSection
	GlobalSection(SolutionProperties) = preSolution
		HideSolutionNode = FALSE
	EndGlobalSection
	GlobalSection(ExtensibilityGlobals) = postSolution
		SolutionGuid = {2107783D-D536-417F-BF8C-836D56C2248D}
	EndGlobalSection
EndGlobal
