
Microsoft Visual Studio Solution File, Format Version 12.00
# Visual Studio Version 16
VisualStudioVersion = 16.0.30517.126
MinimumVisualStudioVersion = 10.0.40219.1
Project("{FAE04EC0-301F-11D3-BF4B-00C04F79EFBC}") = "MES.Order.UI", "MES.Order.UI\MES.Order.UI.csproj", "{2FF0B262-407E-4503-9679-934DD23A3F03}"
EndProject
Project("{FAE04EC0-301F-11D3-BF4B-00C04F79EFBC}") = "MES.Order.DAL", "MES.Order.DAL\MES.Order.DAL.csproj", "{B0EB30AE-3EF4-4AE2-BCA5-B84AFF1839E3}"
EndProject
Project("{FAE04EC0-301F-11D3-BF4B-00C04F79EFBC}") = "MES.Order.BLL", "MES.Order.BLL\MES.Order.BLL.csproj", "{AB4E2E9D-D81C-47E4-9FF0-CD4CEFE2EB2C}"
EndProject
Project("{FAE04EC0-301F-11D3-BF4B-00C04F79EFBC}") = "MES.Order.Adapter", "MES.Order.Adapter\MES.Order.Adapter.csproj", "{5FC8CAFD-FFD5-477F-935C-26A0B6F58389}"
EndProject
Project("{FAE04EC0-301F-11D3-BF4B-00C04F79EFBC}") = "MES.Order.Infrastructure", "MES.Order.Infrastructure\MES.Order.Infrastructure.csproj", "{8D658BDC-80AB-4E05-B1A7-16ECBF073A55}"
EndProject
Global
	GlobalSection(SolutionConfigurationPlatforms) = preSolution
		Debug|Any CPU = Debug|Any CPU
		KK|Any CPU = KK|Any CPU
		Release|Any CPU = Release|Any CPU
		SueYun|Any CPU = SueYun|Any CPU
	EndGlobalSection
	GlobalSection(ProjectConfigurationPlatforms) = postSolution
		{2FF0B262-407E-4503-9679-934DD23A3F03}.Debug|Any CPU.ActiveCfg = Debug|Any CPU
		{2FF0B262-407E-4503-9679-934DD23A3F03}.Debug|Any CPU.Build.0 = Debug|Any CPU
		{2FF0B262-407E-4503-9679-934DD23A3F03}.KK|Any CPU.ActiveCfg = KK|Any CPU
		{2FF0B262-407E-4503-9679-934DD23A3F03}.KK|Any CPU.Build.0 = KK|Any CPU
		{2FF0B262-407E-4503-9679-934DD23A3F03}.Release|Any CPU.ActiveCfg = Release|Any CPU
		{2FF0B262-407E-4503-9679-934DD23A3F03}.Release|Any CPU.Build.0 = Release|Any CPU
		{2FF0B262-407E-4503-9679-934DD23A3F03}.SueYun|Any CPU.ActiveCfg = SueYun|Any CPU
		{2FF0B262-407E-4503-9679-934DD23A3F03}.SueYun|Any CPU.Build.0 = SueYun|Any CPU
		{B0EB30AE-3EF4-4AE2-BCA5-B84AFF1839E3}.Debug|Any CPU.ActiveCfg = Debug|Any CPU
		{B0EB30AE-3EF4-4AE2-BCA5-B84AFF1839E3}.Debug|Any CPU.Build.0 = Debug|Any CPU
		{B0EB30AE-3EF4-4AE2-BCA5-B84AFF1839E3}.KK|Any CPU.ActiveCfg = KK|Any CPU
		{B0EB30AE-3EF4-4AE2-BCA5-B84AFF1839E3}.KK|Any CPU.Build.0 = KK|Any CPU
		{B0EB30AE-3EF4-4AE2-BCA5-B84AFF1839E3}.Release|Any CPU.ActiveCfg = Release|Any CPU
		{B0EB30AE-3EF4-4AE2-BCA5-B84AFF1839E3}.Release|Any CPU.Build.0 = Release|Any CPU
		{B0EB30AE-3EF4-4AE2-BCA5-B84AFF1839E3}.SueYun|Any CPU.ActiveCfg = SueYun|Any CPU
		{B0EB30AE-3EF4-4AE2-BCA5-B84AFF1839E3}.SueYun|Any CPU.Build.0 = SueYun|Any CPU
		{AB4E2E9D-D81C-47E4-9FF0-CD4CEFE2EB2C}.Debug|Any CPU.ActiveCfg = Debug|Any CPU
		{AB4E2E9D-D81C-47E4-9FF0-CD4CEFE2EB2C}.Debug|Any CPU.Build.0 = Debug|Any CPU
		{AB4E2E9D-D81C-47E4-9FF0-CD4CEFE2EB2C}.KK|Any CPU.ActiveCfg = KK|Any CPU
		{AB4E2E9D-D81C-47E4-9FF0-CD4CEFE2EB2C}.KK|Any CPU.Build.0 = KK|Any CPU
		{AB4E2E9D-D81C-47E4-9FF0-CD4CEFE2EB2C}.Release|Any CPU.ActiveCfg = Release|Any CPU
		{AB4E2E9D-D81C-47E4-9FF0-CD4CEFE2EB2C}.Release|Any CPU.Build.0 = Release|Any CPU
		{AB4E2E9D-D81C-47E4-9FF0-CD4CEFE2EB2C}.SueYun|Any CPU.ActiveCfg = SueYun|Any CPU
		{AB4E2E9D-D81C-47E4-9FF0-CD4CEFE2EB2C}.SueYun|Any CPU.Build.0 = SueYun|Any CPU
		{5FC8CAFD-FFD5-477F-935C-26A0B6F58389}.Debug|Any CPU.ActiveCfg = Debug|Any CPU
		{5FC8CAFD-FFD5-477F-935C-26A0B6F58389}.Debug|Any CPU.Build.0 = Debug|Any CPU
		{5FC8CAFD-FFD5-477F-935C-26A0B6F58389}.KK|Any CPU.ActiveCfg = KK|Any CPU
		{5FC8CAFD-FFD5-477F-935C-26A0B6F58389}.KK|Any CPU.Build.0 = KK|Any CPU
		{5FC8CAFD-FFD5-477F-935C-26A0B6F58389}.Release|Any CPU.ActiveCfg = Release|Any CPU
		{5FC8CAFD-FFD5-477F-935C-26A0B6F58389}.Release|Any CPU.Build.0 = Release|Any CPU
		{5FC8CAFD-FFD5-477F-935C-26A0B6F58389}.SueYun|Any CPU.ActiveCfg = SueYun|Any CPU
		{5FC8CAFD-FFD5-477F-935C-26A0B6F58389}.SueYun|Any CPU.Build.0 = SueYun|Any CPU
		{8D658BDC-80AB-4E05-B1A7-16ECBF073A55}.Debug|Any CPU.ActiveCfg = Debug|Any CPU
		{8D658BDC-80AB-4E05-B1A7-16ECBF073A55}.Debug|Any CPU.Build.0 = Debug|Any CPU
		{8D658BDC-80AB-4E05-B1A7-16ECBF073A55}.KK|Any CPU.ActiveCfg = Debug|Any CPU
		{8D658BDC-80AB-4E05-B1A7-16ECBF073A55}.KK|Any CPU.Build.0 = Debug|Any CPU
		{8D658BDC-80AB-4E05-B1A7-16ECBF073A55}.Release|Any CPU.ActiveCfg = Release|Any CPU
		{8D658BDC-80AB-4E05-B1A7-16ECBF073A55}.Release|Any CPU.Build.0 = Release|Any CPU
		{8D658BDC-80AB-4E05-B1A7-16ECBF073A55}.SueYun|Any CPU.ActiveCfg = Debug|Any CPU
		{8D658BDC-80AB-4E05-B1A7-16ECBF073A55}.SueYun|Any CPU.Build.0 = Debug|Any CPU
	EndGlobalSection
	GlobalSection(SolutionProperties) = preSolution
		HideSolutionNode = FALSE
	EndGlobalSection
	GlobalSection(ExtensibilityGlobals) = postSolution
		SolutionGuid = {206A4775-5A25-4B89-92AA-0314A8FCC732}
	EndGlobalSection
EndGlobal
